
Microsoft Visual Studio Solution File, Format Version 12.00
# Visual Studio Version 17
VisualStudioVersion = 17.2.32526.322
MinimumVisualStudioVersion = 10.0.40219.1
Project("{FAE04EC0-301F-11D3-BF4B-00C04F79EFBC}") = "Elearning", "Elearning\Elearning.csproj", "{3C29DE04-A0BD-4789-BADD-4DF1C5733C33}"
EndProject
Global
	GlobalSection(SolutionConfigurationPlatforms) = preSolution
		Debug|Any CPU = Debug|Any CPU
		Release|Any CPU = Release|Any CPU
	EndGlobalSection
	GlobalSection(ProjectConfigurationPlatforms) = postSolution
		{3C29DE04-A0BD-4789-BADD-4DF1C5733C33}.Debug|Any CPU.ActiveCfg = Debug|Any CPU
		{3C29DE04-A0BD-4789-BADD-4DF1C5733C33}.Debug|Any CPU.Build.0 = Debug|Any CPU
		{3C29DE04-A0BD-4789-BADD-4DF1C5733C33}.Release|Any CPU.ActiveCfg = Release|Any CPU
		{3C29DE04-A0BD-4789-BADD-4DF1C5733C33}.Release|Any CPU.Build.0 = Release|Any CPU
	EndGlobalSection
	GlobalSection(SolutionProperties) = preSolution
		HideSolutionNode = FALSE
	EndGlobalSection
	GlobalSection(ExtensibilityGlobals) = postSolution
		SolutionGuid = {CFAB3AEF-6D1C-41E2-910B-CE833BD04F08}
	EndGlobalSection
EndGlobal
